
Microsoft Visual Studio Solution File, Format Version 12.00
# Visual Studio Version 17
VisualStudioVersion = 17.14.36429.23
MinimumVisualStudioVersion = 10.0.40219.1
Project("{FAE04EC0-301F-11D3-BF4B-00C04F79EFBC}") = "Abstracciones", "Abstracciones\Abstracciones.csproj", "{DC3AFE5B-1164-4638-A9BB-DFC34DB8F4AB}"
EndProject
Project("{FAE04EC0-301F-11D3-BF4B-00C04F79EFBC}") = "Reglas", "Reglas\Reglas.csproj", "{AD655C85-772A-45B1-8CB3-6ECC4918A0D6}"
EndProject
Project("{FAE04EC0-301F-11D3-BF4B-00C04F79EFBC}") = "Web", "Web\Web.csproj", "{1AA74B34-811B-480B-A199-AFEF6087249B}"
EndProject
Global
	GlobalSection(SolutionConfigurationPlatforms) = preSolution
		Debug|Any CPU = Debug|Any CPU
		Release|Any CPU = Release|Any CPU
	EndGlobalSection
	GlobalSection(ProjectConfigurationPlatforms) = postSolution
		{DC3AFE5B-1164-4638-A9BB-DFC34DB8F4AB}.Debug|Any CPU.ActiveCfg = Debug|Any CPU
		{DC3AFE5B-1164-4638-A9BB-DFC34DB8F4AB}.Debug|Any CPU.Build.0 = Debug|Any CPU
		{DC3AFE5B-1164-4638-A9BB-DFC34DB8F4AB}.Release|Any CPU.ActiveCfg = Release|Any CPU
		{DC3AFE5B-1164-4638-A9BB-DFC34DB8F4AB}.Release|Any CPU.Build.0 = Release|Any CPU
		{AD655C85-772A-45B1-8CB3-6ECC4918A0D6}.Debug|Any CPU.ActiveCfg = Debug|Any CPU
		{AD655C85-772A-45B1-8CB3-6ECC4918A0D6}.Debug|Any CPU.Build.0 = Debug|Any CPU
		{AD655C85-772A-45B1-8CB3-6ECC4918A0D6}.Release|Any CPU.ActiveCfg = Release|Any CPU
		{AD655C85-772A-45B1-8CB3-6ECC4918A0D6}.Release|Any CPU.Build.0 = Release|Any CPU
		{1AA74B34-811B-480B-A199-AFEF6087249B}.Debug|Any CPU.ActiveCfg = Debug|Any CPU
		{1AA74B34-811B-480B-A199-AFEF6087249B}.Debug|Any CPU.Build.0 = Debug|Any CPU
		{1AA74B34-811B-480B-A199-AFEF6087249B}.Release|Any CPU.ActiveCfg = Release|Any CPU
		{1AA74B34-811B-480B-A199-AFEF6087249B}.Release|Any CPU.Build.0 = Release|Any CPU
	EndGlobalSection
	GlobalSection(SolutionProperties) = preSolution
		HideSolutionNode = FALSE
	EndGlobalSection
	GlobalSection(ExtensibilityGlobals) = postSolution
		SolutionGuid = {EB54117A-3AFF-4305-9BB1-CAD1D1E7792F}
	EndGlobalSection
EndGlobal
